PODS:
  - TXServerAddressManager (0.1.2)

DEPENDENCIES:
  - TXServerAddressManager (from `../`)

EXTERNAL SOURCES:
  TXServerAddressManager:
    :path: "../"

SPEC CHECKSUMS:
  TXServerAddressManager: 743dfe6c077e4a3976a820185f09003d65dd21c1

PODFILE CHECKSUM: 416fac2ba68a528060c7ff4a0ba9823e66c0eaca

COCOAPODS: 1.8.4
